// !$*UTF8*$!
{
	archiveVersion = 1;
	classes = {
	};
	objectVersion = 55;
	objects = {

/* Begin PBXBuildFile section */
		5746CB6A28035C5A0040C0D4 /* AppDelegate.swift in Sources */ = {isa = PBXBuildFile; fileRef = 5746CB6928035C5A0040C0D4 /* AppDelegate.swift */; };
		5746CB6E28035C5A0040C0D4 /* ViewController.swift in Sources */ = {isa = PBXBuildFile; fileRef = 5746CB6D28035C5A0040C0D4 /* ViewController.swift */; };
		5746CB7328035C5B0040C0D4 /* Assets.xcassets in Resources */ = {isa = PBXBuildFile; fileRef = 5746CB7228035C5B0040C0D4 /* Assets.xcassets */; };
		5746CB7628035C5B0040C0D4 /* LaunchScreen.storyboard in Resources */ = {isa = PBXBuildFile; fileRef = 5746CB7428035C5B0040C0D4 /* LaunchScreen.storyboard */; };
		5746CB8128035C5B0040C0D4 /* PopOverSampleTests.swift in Sources */ = {isa = PBXBuildFile; fileRef = 5746CB8028035C5B0040C0D4 /* PopOverSampleTests.swift */; };
		5746CB8B28035C5B0040C0D4 /* PopOverSampleUITests.swift in Sources */ = {isa = PBXBuildFile; fileRef = 5746CB8A28035C5B0040C0D4 /* PopOverSampleUITests.swift */; };
		5746CB8D28035C5B0040C0D4 /* PopOverSampleUITestsLaunchTests.swift in Sources */ = {isa = PBXBuildFile; fileRef = 5746CB8C28035C5B0040C0D4 /* PopOverSampleUITestsLaunchTests.swift */; };
		5746CB9A28035DCD0040C0D4 /* PopOverMenuViewController.swift in Sources */ = {isa = PBXBuildFile; fileRef = 5746CB9928035DCD0040C0D4 /* PopOverMenuViewController.swift */; };
		5746CB9C28035E430040C0D4 /* PopOverMenuTableViewCell.swift in Sources */ = {isa = PBXBuildFile; fileRef = 5746CB9B28035E430040C0D4 /* PopOverMenuTableViewCell.swift */; };
		5746CB9E280361C30040C0D4 /* PopOverHelper.swift in Sources */ = {isa = PBXBuildFile; fileRef = 5746CB9D280361C30040C0D4 /* PopOverHelper.swift */; };
		5746CBA0280368B60040C0D4 /* PopOverMenuModel.swift in Sources */ = {isa = PBXBuildFile; fileRef = 5746CB9F280368B60040C0D4 /* PopOverMenuModel.swift */; };
/* End PBXBuildFile section */

/* Begin PBXContainerItemProxy section */
		5746CB7D28035C5B0040C0D4 /* PBXContainerItemProxy */ = {
			isa = PBXContainerItemProxy;
			containerPortal = 5746CB5E28035C590040C0D4 /* Project object */;
			proxyType = 1;
			remoteGlobalIDString = 5746CB6528035C5A0040C0D4;
			remoteInfo = PopOverSample;
		};
		5746CB8728035C5B0040C0D4 /* PBXContainerItemProxy */ = {
			isa = PBXContainerItemProxy;
			containerPortal = 5746CB5E28035C590040C0D4 /* Project object */;
			proxyType = 1;
			remoteGlobalIDString = 5746CB6528035C5A0040C0D4;
			remoteInfo = PopOverSample;
		};
/* End PBXContainerItemProxy section */

/* Begin PBXFileReference section */
		5746CB6628035C5A0040C0D4 /* PopOverSample.app */ = {isa = PBXFileReference; explicitFileType = wrapper.application; includeInIndex = 0; path = PopOverSample.app; sourceTree = BUILT_PRODUCTS_DIR; };
		5746CB6928035C5A0040C0D4 /* AppDelegate.swift */ = {isa = PBXFileReference; lastKnownFileType = sourcecode.swift; path = AppDelegate.swift; sourceTree = "<group>"; };
		5746CB6D28035C5A0040C0D4 /* ViewController.swift */ = {isa = PBXFileReference; lastKnownFileType = sourcecode.swift; path = ViewController.swift; sourceTree = "<group>"; };
		5746CB7228035C5B0040C0D4 /* Assets.xcassets */ = {isa = PBXFileReference; lastKnownFileType = folder.assetcatalog; path = Assets.xcassets; sourceTree = "<group>"; };
		5746CB7528035C5B0040C0D4 /* Base */ = {isa = PBXFileReference; lastKnownFileType = file.storyboard; name = Base; path = Base.lproj/LaunchScreen.storyboard; sourceTree = "<group>"; };
		5746CB7728035C5B0040C0D4 /* Info.plist */ = {isa = PBXFileReference; lastKnownFileType = text.plist.xml; path = Info.plist; sourceTree = "<group>"; };
		5746CB7C28035C5B0040C0D4 /* PopOverSampleTests.xctest */ = {isa = PBXFileReference; explicitFileType = wrapper.cfbundle; includeInIndex = 0; path = PopOverSampleTests.xctest; sourceTree = BUILT_PRODUCTS_DIR; };
		5746CB8028035C5B0040C0D4 /* PopOverSampleTests.swift */ = {isa = PBXFileReference; lastKnownFileType = sourcecode.swift; path = PopOverSampleTests.swift; sourceTree = "<group>"; };
		5746CB8628035C5B0040C0D4 /* PopOverSampleUITests.xctest */ = {isa = PBXFileReference; explicitFileType = wrapper.cfbundle; includeInIndex = 0; path = PopOverSampleUITests.xctest; sourceTree = BUILT_PRODUCTS_DIR; };
		5746CB8A28035C5B0040C0D4 /* PopOverSampleUITests.swift */ = {isa = PBXFileReference; lastKnownFileType = sourcecode.swift; path = PopOverSampleUITests.swift; sourceTree = "<group>"; };
		5746CB8C28035C5B0040C0D4 /* PopOverSampleUITestsLaunchTests.swift */ = {isa = PBXFileReference; lastKnownFileType = sourcecode.swift; path = PopOverSampleUITestsLaunchTests.swift; sourceTree = "<group>"; };
		5746CB9928035DCD0040C0D4 /* PopOverMenuViewController.swift */ = {isa = PBXFileReference; lastKnownFileType = sourcecode.swift; path = PopOverMenuViewController.swift; sourceTree = "<group>"; };
		5746CB9B28035E430040C0D4 /* PopOverMenuTableViewCell.swift */ = {isa = PBXFileReference; lastKnownFileType = sourcecode.swift; path = PopOverMenuTableViewCell.swift; sourceTree = "<group>"; };
		5746CB9D280361C30040C0D4 /* PopOverHelper.swift */ = {isa = PBXFileReference; lastKnownFileType = sourcecode.swift; path = PopOverHelper.swift; sourceTree = "<group>"; };
		5746CB9F280368B60040C0D4 /* PopOverMenuModel.swift */ = {isa = PBXFileReference; lastKnownFileType = sourcecode.swift; path = PopOverMenuModel.swift; sourceTree = "<group>"; };
/* End PBXFileReference section */

/* Begin PBXFrameworksBuildPhase section */
		5746CB6328035C5A0040C0D4 /* Frameworks */ = {
			isa = PBXFrameworksBuildPhase;
			buildActionMask = 2147483647;
			files = (
			);
			runOnlyForDeploymentPostprocessing = 0;
		};
		5746CB7928035C5B0040C0D4 /* Frameworks */ = {
			isa = PBXFrameworksBuildPhase;
			buildActionMask = 2147483647;
			files = (
			);
			runOnlyForDeploymentPostprocessing = 0;
		};
		5746CB8328035C5B0040C0D4 /* Frameworks */ = {
			isa = PBXFrameworksBuildPhase;
			buildActionMask = 2147483647;
			files = (
			);
			runOnlyForDeploymentPostprocessing = 0;
		};
/* End PBXFrameworksBuildPhase section */

/* Begin PBXGroup section */
		5746CB5D28035C590040C0D4 = {
			isa = PBXGroup;
			children = (
				5746CB6828035C5A0040C0D4 /* PopOverSample */,
				5746CB7F28035C5B0040C0D4 /* PopOverSampleTests */,
				5746CB8928035C5B0040C0D4 /* PopOverSampleUITests */,
				5746CB6728035C5A0040C0D4 /* Products */,
			);
			sourceTree = "<group>";
		};
		5746CB6728035C5A0040C0D4 /* Products */ = {
			isa = PBXGroup;
			children = (
				5746CB6628035C5A0040C0D4 /* PopOverSample.app */,
				5746CB7C28035C5B0040C0D4 /* PopOverSampleTests.xctest */,
				5746CB8628035C5B0040C0D4 /* PopOverSampleUITests.xctest */,
			);
			name = Products;
			sourceTree = "<group>";
		};
		5746CB6828035C5A0040C0D4 /* PopOverSample */ = {
			isa = PBXGroup;
			children = (
				5746CB6928035C5A0040C0D4 /* AppDelegate.swift */,
				5746CB6D28035C5A0040C0D4 /* ViewController.swift */,
				5746CB7228035C5B0040C0D4 /* Assets.xcassets */,
				5746CB7428035C5B0040C0D4 /* LaunchScreen.storyboard */,
				5746CB7728035C5B0040C0D4 /* Info.plist */,
				5746CB9928035DCD0040C0D4 /* PopOverMenuViewController.swift */,
				5746CB9B28035E430040C0D4 /* PopOverMenuTableViewCell.swift */,
				5746CB9D280361C30040C0D4 /* PopOverHelper.swift */,
				5746CB9F280368B60040C0D4 /* PopOverMenuModel.swift */,
			);
			path = PopOverSample;
			sourceTree = "<group>";
		};
		5746CB7F28035C5B0040C0D4 /* PopOverSampleTests */ = {
			isa = PBXGroup;
			children = (
				5746CB8028035C5B0040C0D4 /* PopOverSampleTests.swift */,
			);
			path = PopOverSampleTests;
			sourceTree = "<group>";
		};
		5746CB8928035C5B0040C0D4 /* PopOverSampleUITests */ = {
			isa = PBXGroup;
			children = (
				5746CB8A28035C5B0040C0D4 /* PopOverSampleUITests.swift */,
				5746CB8C28035C5B0040C0D4 /* PopOverSampleUITestsLaunchTests.swift */,
			);
			path = PopOverSampleUITests;
			sourceTree = "<group>";
		};
/* End PBXGroup section */

/* Begin PBXNativeTarget section */
		5746CB6528035C5A0040C0D4 /* PopOverSample */ = {
			isa = PBXNativeTarget;
			buildConfigurationList = 5746CB9028035C5B0040C0D4 /* Build configuration list for PBXNativeTarget "PopOverSample" */;
			buildPhases = (
				5746CB6228035C5A0040C0D4 /* Sources */,
				5746CB6328035C5A0040C0D4 /* Frameworks */,
				5746CB6428035C5A0040C0D4 /* Resources */,
			);
			buildRules = (
			);
			dependencies = (
			);
			name = PopOverSample;
			productName = PopOverSample;
			productReference = 5746CB6628035C5A0040C0D4 /* PopOverSample.app */;
			productType = "com.apple.product-type.application";
		};
		5746CB7B28035C5B0040C0D4 /* PopOverSampleTests */ = {
			isa = PBXNativeTarget;
			buildConfigurationList = 5746CB9328035C5B0040C0D4 /* Build configuration list for PBXNativeTarget "PopOverSampleTests" */;
			buildPhases = (
				5746CB7828035C5B0040C0D4 /* Sources */,
				5746CB7928035C5B0040C0D4 /* Frameworks */,
				5746CB7A28035C5B0040C0D4 /* Resources */,
			);
			buildRules = (
			);
			dependencies = (
				5746CB7E28035C5B0040C0D4 /* PBXTargetDependency */,
			);
			name = PopOverSampleTests;
			productName = PopOverSampleTests;
			productReference = 5746CB7C28035C5B0040C0D4 /* PopOverSampleTests.xctest */;
			productType = "com.apple.product-type.bundle.unit-test";
		};
		5746CB8528035C5B0040C0D4 /* PopOverSampleUITests */ = {
			isa = PBXNativeTarget;
			buildConfigurationList = 5746CB9628035C5B0040C0D4 /* Build configuration list for PBXNativeTarget "PopOverSampleUITests" */;
			buildPhases = (
				5746CB8228035C5B0040C0D4 /* Sources */,
				5746CB8328035C5B0040C0D4 /* Frameworks */,
				5746CB8428035C5B0040C0D4 /* Resources */,
			);
			buildRules = (
			);
			dependencies = (
				5746CB8828035C5B0040C0D4 /* PBXTargetDependency */,
			);
			name = PopOverSampleUITests;
			productName = PopOverSampleUITests;
			productReference = 5746CB8628035C5B0040C0D4 /* PopOverSampleUITests.xctest */;
			productType = "com.apple.product-type.bundle.ui-testing";
		};
/* End PBXNativeTarget section */

/* Begin PBXProject section */
		5746CB5E28035C590040C0D4 /* Project object */ = {
			isa = PBXProject;
			attributes = {
				BuildIndependentTargetsInParallel = 1;
				LastSwiftUpdateCheck = 1320;
				LastUpgradeCheck = 1320;
				TargetAttributes = {
					5746CB6528035C5A0040C0D4 = {
						CreatedOnToolsVersion = 13.2.1;
					};
					5746CB7B28035C5B0040C0D4 = {
						CreatedOnToolsVersion = 13.2.1;
						TestTargetID = 5746CB6528035C5A0040C0D4;
					};
					5746CB8528035C5B0040C0D4 = {
						CreatedOnToolsVersion = 13.2.1;
						TestTargetID = 5746CB6528035C5A0040C0D4;
					};
				};
			};
			buildConfigurationList = 5746CB6128035C5A0040C0D4 /* Build configuration list for PBXProject "PopOverSample" */;
			compatibilityVersion = "Xcode 13.0";
			developmentRegion = en;
			hasScannedForEncodings = 0;
			knownRegions = (
				en,
				Base,
			);
			mainGroup = 5746CB5D28035C590040C0D4;
			productRefGroup = 5746CB6728035C5A0040C0D4 /* Products */;
			projectDirPath = "";
			projectRoot = "";
			targets = (
				5746CB6528035C5A0040C0D4 /* PopOverSample */,
				5746CB7B28035C5B0040C0D4 /* PopOverSampleTests */,
				5746CB8528035C5B0040C0D4 /* PopOverSampleUITests */,
			);
		};
/* End PBXProject section */

/* Begin PBXResourcesBuildPhase section */
		5746CB6428035C5A0040C0D4 /* Resources */ = {
			isa = PBXResourcesBuildPhase;
			buildActionMask = 2147483647;
			files = (
				5746CB7628035C5B0040C0D4 /* LaunchScreen.storyboard in Resources */,
				5746CB7328035C5B0040C0D4 /* Assets.xcassets in Resources */,
			);
			runOnlyForDeploymentPostprocessing = 0;
		};
		5746CB7A28035C5B0040C0D4 /* Resources */ = {
			isa = PBXResourcesBuildPhase;
			buildActionMask = 2147483647;
			files = (
			);
			runOnlyForDeploymentPostprocessing = 0;
		};
		5746CB8428035C5B0040C0D4 /* Resources */ = {
			isa = PBXResourcesBuildPhase;
			buildActionMask = 2147483647;
			files = (
			);
			runOnlyForDeploymentPostprocessing = 0;
		};
/* End PBXResourcesBuildPhase section */

/* Begin PBXSourcesBuildPhase section */
		5746CB6228035C5A0040C0D4 /* Sources */ = {
			isa = PBXSourcesBuildPhase;
			buildActionMask = 2147483647;
			files = (
				5746CB9C28035E430040C0D4 /* PopOverMenuTableViewCell.swift in Sources */,
				5746CB9E280361C30040C0D4 /* PopOverHelper.swift in Sources */,
				5746CBA0280368B60040C0D4 /* PopOverMenuModel.swift in Sources */,
				5746CB6E28035C5A0040C0D4 /* ViewController.swift in Sources */,
				5746CB9A28035DCD0040C0D4 /* PopOverMenuViewController.swift in Sources */,
				5746CB6A28035C5A0040C0D4 /* AppDelegate.swift in Sources */,
			);
			runOnlyForDeploymentPostprocessing = 0;
		};
		5746CB7828035C5B0040C0D4 /* Sources */ = {
			isa = PBXSourcesBuildPhase;
			buildActionMask = 2147483647;
			files = (
				5746CB8128035C5B0040C0D4 /* PopOverSampleTests.swift in Sources */,
			);
			runOnlyForDeploymentPostprocessing = 0;
		};
		5746CB8228035C5B0040C0D4 /* Sources */ = {
			isa = PBXSourcesBuildPhase;
			buildActionMask = 2147483647;
			files = (
				5746CB8D28035C5B0040C0D4 /* PopOverSampleUITestsLaunchTests.swift in Sources */,
				5746CB8B28035C5B0040C0D4 /* PopOverSampleUITests.swift in Sources */,
			);
			runOnlyForDeploymentPostprocessing = 0;
		};
/* End PBXSourcesBuildPhase section */

/* Begin PBXTargetDependency section */
		5746CB7E28035C5B0040C0D4 /* PBXTargetDependency */ = {
			isa = PBXTargetDependency;
			target = 5746CB6528035C5A0040C0D4 /* PopOverSample */;
			targetProxy = 5746CB7D28035C5B0040C0D4 /* PBXContainerItemProxy */;
		};
		5746CB8828035C5B0040C0D4 /* PBXTargetDependency */ = {
			isa = PBXTargetDependency;
			target = 5746CB6528035C5A0040C0D4 /* PopOverSample */;
			targetProxy = 5746CB8728035C5B0040C0D4 /* PBXContainerItemProxy */;
		};
/* End PBXTargetDependency section */

/* Begin PBXVariantGroup section */
		5746CB7428035C5B0040C0D4 /* LaunchScreen.storyboard */ = {
			isa = PBXVariantGroup;
			children = (
				5746CB7528035C5B0040C0D4 /* Base */,
			);
			name = LaunchScreen.storyboard;
			sourceTree = "<group>";
		};
/* End PBXVariantGroup section */

/* Begin XCBuildConfiguration section */
		5746CB8E28035C5B0040C0D4 /* Debug */ = {
			isa = XCBuildConfiguration;
			buildSettings = {
				ALWAYS_SEARCH_USER_PATHS = NO;
				CLANG_ANALYZER_NONNULL = YES;
				CLANG_ANALYZER_NUMBER_OBJECT_CONVERSION = YES_AGGRESSIVE;
				CLANG_CXX_LANGUAGE_STANDARD = "gnu++17";
				CLANG_CXX_LIBRARY = "libc++";
				CLANG_ENABLE_MODULES = YES;
				CLANG_ENABLE_OBJC_ARC = YES;
				CLANG_ENABLE_OBJC_WEAK = YES;
				CLANG_WARN_BLOCK_CAPTURE_AUTORELEASING = YES;
				CLANG_WARN_BOOL_CONVERSION = YES;
				CLANG_WARN_COMMA = YES;
				CLANG_WARN_CONSTANT_CONVERSION = YES;
				CLANG_WARN_DEPRECATED_OBJC_IMPLEMENTATIONS = YES;
				CLANG_WARN_DIRECT_OBJC_ISA_USAGE = YES_ERROR;
				CLANG_WARN_DOCUMENTATION_COMMENTS = YES;
				CLANG_WARN_EMPTY_BODY = YES;
				CLANG_WARN_ENUM_CONVERSION = YES;
				CLANG_WARN_INFINITE_RECURSION = YES;
				CLANG_WARN_INT_CONVERSION = YES;
				CLANG_WARN_NON_LITERAL_NULL_CONVERSION = YES;
				CLANG_WARN_OBJC_IMPLICIT_RETAIN_SELF = YES;
				CLANG_WARN_OBJC_LITERAL_CONVERSION = YES;
				CLANG_WARN_OBJC_ROOT_CLASS = YES_ERROR;
				CLANG_WARN_QUOTED_INCLUDE_IN_FRAMEWORK_HEADER = YES;
				CLANG_WARN_RANGE_LOOP_ANALYSIS = YES;
				CLANG_WARN_STRICT_PROTOTYPES = YES;
				CLANG_WARN_SUSPICIOUS_MOVE = YES;
				CLANG_WARN_UNGUARDED_AVAILABILITY = YES_AGGRESSIVE;
				CLANG_WARN_UNREACHABLE_CODE = YES;
				CLANG_WARN__DUPLICATE_METHOD_MATCH = YES;
				COPY_PHASE_STRIP = NO;
				DEBUG_INFORMATION_FORMAT = dwarf;
				ENABLE_STRICT_OBJC_MSGSEND = YES;
				ENABLE_TESTABILITY = YES;
				GCC_C_LANGUAGE_STANDARD = gnu11;
				GCC_DYNAMIC_NO_PIC = NO;
				GCC_NO_COMMON_BLOCKS = YES;
				GCC_OPTIMIZATION_LEVEL = 0;
				GCC_PREPROCESSOR_DEFINITIONS = (
					"DEBUG=1",
					"$(inherited)",
				);
				GCC_WARN_64_TO_32_BIT_CONVERSION = YES;
				GCC_WARN_ABOUT_RETURN_TYPE = YES_ERROR;
				GCC_WARN_UNDECLARED_SELECTOR = YES;
				GCC_WARN_UNINITIALIZED_AUTOS = YES_AGGRESSIVE;
				GCC_WARN_UNUSED_FUNCTION = YES;
				GCC_WARN_UNUSED_VARIABLE = YES;
				IPHONEOS_DEPLOYMENT_TARGET = 15.2;
				MTL_ENABLE_DEBUG_INFO = INCLUDE_SOURCE;
				MTL_FAST_MATH = YES;
				ONLY_ACTIVE_ARCH = YES;
				SDKROOT = iphoneos;
				SWIFT_ACTIVE_COMPILATION_CONDITIONS = DEBUG;
				SWIFT_OPTIMIZATION_LEVEL = "-Onone";
			};
			name = Debug;
		};
		5746CB8F28035C5B0040C0D4 /* Release */ = {
			isa = XCBuildConfiguration;
			buildSettings = {
				ALWAYS_SEARCH_USER_PATHS = NO;
				CLANG_ANALYZER_NONNULL = YES;
				CLANG_ANALYZER_NUMBER_OBJECT_CONVERSION = YES_AGGRESSIVE;
				CLANG_CXX_LANGUAGE_STANDARD = "gnu++17";
				CLANG_CXX_LIBRARY = "libc++";
				CLANG_ENABLE_MODULES = YES;
				CLANG_ENABLE_OBJC_ARC = YES;
				CLANG_ENABLE_OBJC_WEAK = YES;
				CLANG_WARN_BLOCK_CAPTURE_AUTORELEASING = YES;
				CLANG_WARN_BOOL_CONVERSION = YES;
				CLANG_WARN_COMMA = YES;
				CLANG_WARN_CONSTANT_CONVERSION = YES;
				CLANG_WARN_DEPRECATED_OBJC_IMPLEMENTATIONS = YES;
				CLANG_WARN_DIRECT_OBJC_ISA_USAGE = YES_ERROR;
				CLANG_WARN_DOCUMENTATION_COMMENTS = YES;
				CLANG_WARN_EMPTY_BODY = YES;
				CLANG_WARN_ENUM_CONVERSION = YES;
				CLANG_WARN_INFINITE_RECURSION = YES;
				CLANG_WARN_INT_CONVERSION = YES;
				CLANG_WARN_NON_LITERAL_NULL_CONVERSION = YES;
				CLANG_WARN_OBJC_IMPLICIT_RETAIN_SELF = YES;
				CLANG_WARN_OBJC_LITERAL_CONVERSION = YES;
				CLANG_WARN_OBJC_ROOT_CLASS = YES_ERROR;
				CLANG_WARN_QUOTED_INCLUDE_IN_FRAMEWORK_HEADER = YES;
				CLANG_WARN_RANGE_LOOP_ANALYSIS = YES;
				CLANG_WARN_STRICT_PROTOTYPES = YES;
				CLANG_WARN_SUSPICIOUS_MOVE = YES;
				CLANG_WARN_UNGUARDED_AVAILABILITY = YES_AGGRESSIVE;
				CLANG_WARN_UNREACHABLE_CODE = YES;
				CLANG_WARN__DUPLICATE_METHOD_MATCH = YES;
				COPY_PHASE_STRIP = NO;
				DEBUG_INFORMATION_FORMAT = "dwarf-with-dsym";
				ENABLE_NS_ASSERTIONS = NO;
				ENABLE_STRICT_OBJC_MSGSEND = YES;
				GCC_C_LANGUAGE_STANDARD = gnu11;
				GCC_NO_COMMON_BLOCKS = YES;
				GCC_WARN_64_TO_32_BIT_CONVERSION = YES;
				GCC_WARN_ABOUT_RETURN_TYPE = YES_ERROR;
				GCC_WARN_UNDECLARED_SELECTOR = YES;
				GCC_WARN_UNINITIALIZED_AUTOS = YES_AGGRESSIVE;
				GCC_WARN_UNUSED_FUNCTION = YES;
				GCC_WARN_UNUSED_VARIABLE = YES;
				IPHONEOS_DEPLOYMENT_TARGET = 15.2;
				MTL_ENABLE_DEBUG_INFO = NO;
				MTL_FAST_MATH = YES;
				SDKROOT = iphoneos;
				SWIFT_COMPILATION_MODE = wholemodule;
				SWIFT_OPTIMIZATION_LEVEL = "-O";
				VALIDATE_PRODUCT = YES;
			};
			name = Release;
		};
		5746CB9128035C5B0040C0D4 /* Debug */ = {
			isa = XCBuildConfiguration;
			buildSettings = {
				ASSETCATALOG_COMPILER_APPICON_NAME = AppIcon;
				ASSETCATALOG_COMPILER_GLOBAL_ACCENT_COLOR_NAME = AccentColor;
				CODE_SIGN_STYLE = Automatic;
				CURRENT_PROJECT_VERSION = 1;
				GENERATE_INFOPLIST_FILE = YES;
				INFOPLIST_FILE = PopOverSample/Info.plist;
				INFOPLIST_KEY_UIApplicationSupportsIndirectInputEvents = YES;
				INFOPLIST_KEY_UILaunchStoryboardName = LaunchScreen;
				INFOPLIST_KEY_UISupportedInterfaceOrientations_iPad = "UIInterfaceOrientationPortrait UIInterfaceOrientationPortraitUpsideDown UIInterfaceOrientationLandscapeLeft UIInterfaceOrientationLandscapeRight";
				INFOPLIST_KEY_UISupportedInterfaceOrientations_iPhone = "UIInterfaceOrientationPortrait UIInterfaceOrientationLandscapeLeft UIInterfaceOrientationLandscapeRight";
				LD_RUNPATH_SEARCH_PATHS = (
					"$(inherited)",
					"@executable_path/Frameworks",
				);
				MARKETING_VERSION = 1.0;
				PRODUCT_BUNDLE_IDENTIFIER = opti.PopOverSample;
				PRODUCT_NAME = "$(TARGET_NAME)";
				SWIFT_EMIT_LOC_STRINGS = YES;
				SWIFT_VERSION = 5.0;
				TARGETED_DEVICE_FAMILY = "1,2";
			};
			name = Debug;
		};
		5746CB9228035C5B0040C0D4 /* Release */ = {
			isa = XCBuildConfiguration;
			buildSettings = {
				ASSETCATALOG_COMPILER_APPICON_NAME = AppIcon;
				ASSETCATALOG_COMPILER_GLOBAL_ACCENT_COLOR_NAME = AccentColor;
				CODE_SIGN_STYLE = Automatic;
				CURRENT_PROJECT_VERSION = 1;
				GENERATE_INFOPLIST_FILE = YES;
				INFOPLIST_FILE = PopOverSample/Info.plist;
				INFOPLIST_KEY_UIApplicationSupportsIndirectInputEvents = YES;
				INFOPLIST_KEY_UILaunchStoryboardName = LaunchScreen;
				INFOPLIST_KEY_UISupportedInterfaceOrientations_iPad = "UIInterfaceOrientationPortrait UIInterfaceOrientationPortraitUpsideDown UIInterfaceOrientationLandscapeLeft UIInterfaceOrientationLandscapeRight";
				INFOPLIST_KEY_UISupportedInterfaceOrientations_iPhone = "UIInterfaceOrientationPortrait UIInterfaceOrientationLandscapeLeft UIInterfaceOrientationLandscapeRight";
				LD_RUNPATH_SEARCH_PATHS = (
					"$(inherited)",
					"@executable_path/Frameworks",
				);
				MARKETING_VERSION = 1.0;
				PRODUCT_BUNDLE_IDENTIFIER = opti.PopOverSample;
				PRODUCT_NAME = "$(TARGET_NAME)";
				SWIFT_EMIT_LOC_STRINGS = YES;
				SWIFT_VERSION = 5.0;
				TARGETED_DEVICE_FAMILY = "1,2";
			};
			name = Release;
		};
		5746CB9428035C5B0040C0D4 /* Debug */ = {
			isa = XCBuildConfiguration;
			buildSettings = {
				ALWAYS_EMBED_SWIFT_STANDARD_LIBRARIES = YES;
				BUNDLE_LOADER = "$(TEST_HOST)";
				CODE_SIGN_STYLE = Automatic;
				CURRENT_PROJECT_VERSION = 1;
				GENERATE_INFOPLIST_FILE = YES;
				IPHONEOS_DEPLOYMENT_TARGET = 15.2;
				MARKETING_VERSION = 1.0;
				PRODUCT_BUNDLE_IDENTIFIER = opti.PopOverSampleTests;
				PRODUCT_NAME = "$(TARGET_NAME)";
				SWIFT_EMIT_LOC_STRINGS = NO;
				SWIFT_VERSION = 5.0;
				TARGETED_DEVICE_FAMILY = "1,2";
				TEST_HOST = "$(BUILT_PRODUCTS_DIR)/PopOverSample.app/PopOverSample";
			};
			name = Debug;
		};
		5746CB9528035C5B0040C0D4 /* Release */ = {
			isa = XCBuildConfiguration;
			buildSettings = {
				ALWAYS_EMBED_SWIFT_STANDARD_LIBRARIES = YES;
				BUNDLE_LOADER = "$(TEST_HOST)";
				CODE_SIGN_STYLE = Automatic;
				CURRENT_PROJECT_VERSION = 1;
				GENERATE_INFOPLIST_FILE = YES;
				IPHONEOS_DEPLOYMENT_TARGET = 15.2;
				MARKETING_VERSION = 1.0;
				PRODUCT_BUNDLE_IDENTIFIER = opti.PopOverSampleTests;
				PRODUCT_NAME = "$(TARGET_NAME)";
				SWIFT_EMIT_LOC_STRINGS = NO;
				SWIFT_VERSION = 5.0;
				TARGETED_DEVICE_FAMILY = "1,2";
				TEST_HOST = "$(BUILT_PRODUCTS_DIR)/PopOverSample.app/PopOverSample";
			};
			name = Release;
		};
		5746CB9728035C5B0040C0D4 /* Debug */ = {
			isa = XCBuildConfiguration;
			buildSettings = {
				ALWAYS_EMBED_SWIFT_STANDARD_LIBRARIES = YES;
				CODE_SIGN_STYLE = Automatic;
				CURRENT_PROJECT_VERSION = 1;
				GENERATE_INFOPLIST_FILE = YES;
				MARKETING_VERSION = 1.0;
				PRODUCT_BUNDLE_IDENTIFIER = opti.PopOverSampleUITests;
				PRODUCT_NAME = "$(TARGET_NAME)";
				SWIFT_EMIT_LOC_STRINGS = NO;
				SWIFT_VERSION = 5.0;
				TARGETED_DEVICE_FAMILY = "1,2";
				TEST_TARGET_NAME = PopOverSample;
			};
			name = Debug;
		};
		5746CB9828035C5B0040C0D4 /* Release */ = {
			isa = XCBuildConfiguration;
			buildSettings = {
				ALWAYS_EMBED_SWIFT_STANDARD_LIBRARIES = YES;
				CODE_SIGN_STYLE = Automatic;
				CURRENT_PROJECT_VERSION = 1;
				GENERATE_INFOPLIST_FILE = YES;
				MARKETING_VERSION = 1.0;
				PRODUCT_BUNDLE_IDENTIFIER = opti.PopOverSampleUITests;
				PRODUCT_NAME = "$(TARGET_NAME)";
				SWIFT_EMIT_LOC_STRINGS = NO;
				SWIFT_VERSION = 5.0;
				TARGETED_DEVICE_FAMILY = "1,2";
				TEST_TARGET_NAME = PopOverSample;
			};
			name = Release;
		};
/* End XCBuildConfiguration section */

/* Begin XCConfigurationList section */
		5746CB6128035C5A0040C0D4 /* Build configuration list for PBXProject "PopOverSample" */ = {
			isa = XCConfigurationList;
			buildConfigurations = (
				5746CB8E28035C5B0040C0D4 /* Debug */,
				5746CB8F28035C5B0040C0D4 /* Release */,
			);
			defaultConfigurationIsVisible = 0;
			defaultConfigurationName = Release;
		};
		5746CB9028035C5B0040C0D4 /* Build configuration list for PBXNativeTarget "PopOverSample" */ = {
			isa = XCConfigurationList;
			buildConfigurations = (
				5746CB9128035C5B0040C0D4 /* Debug */,
				5746CB9228035C5B0040C0D4 /* Release */,
			);
			defaultConfigurationIsVisible = 0;
			defaultConfigurationName = Release;
		};
		5746CB9328035C5B0040C0D4 /* Build configuration list for PBXNativeTarget "PopOverSampleTests" */ = {
			isa = XCConfigurationList;
			buildConfigurations = (
				5746CB9428035C5B0040C0D4 /* Debug */,
				5746CB9528035C5B0040C0D4 /* Release */,
			);
			defaultConfigurationIsVisible = 0;
			defaultConfigurationName = Release;
		};
		5746CB9628035C5B0040C0D4 /* Build configuration list for PBXNativeTarget "PopOverSampleUITests" */ = {
			isa = XCConfigurationList;
			buildConfigurations = (
				5746CB9728035C5B0040C0D4 /* Debug */,
				5746CB9828035C5B0040C0D4 /* Release */,
			);
			defaultConfigurationIsVisible = 0;
			defaultConfigurationName = Release;
		};
/* End XCConfigurationList section */
	};
	rootObject = 5746CB5E28035C590040C0D4 /* Project object */;
}
